// !$*UTF8*$!
{
	archiveVersion = 1;
	classes = {
	};
	objectVersion = 46;
	objects = {

/* Begin PBXBuildFile section */
		A22E43081AFA39B000A89F29 /* main.m in Sources */ = {isa = PBXBuildFile; fileRef = A22E43071AFA39B000A89F29 /* main.m */; };
		A22E430B1AFA39B000A89F29 /* AppDelegate.m in Sources */ = {isa = PBXBuildFile; fileRef = A22E430A1AFA39B000A89F29 /* AppDelegate.m */; };
		A22E43111AFA39B000A89F29 /* Main.storyboard in Resources */ = {isa = PBXBuildFile; fileRef = A22E430F1AFA39B000A89F29 /* Main.storyboard */; };
		A22E43131AFA39B000A89F29 /* Images.xcassets in Resources */ = {isa = PBXBuildFile; fileRef = A22E43121AFA39B000A89F29 /* Images.xcassets */; };
		A22E43161AFA39B000A89F29 /* LaunchScreen.xib in Resources */ = {isa = PBXBuildFile; fileRef = A22E43141AFA39B000A89F29 /* LaunchScreen.xib */; };
		A22E432D1AFA3FBF00A89F29 /* TableViewController.m in Sources */ = {isa = PBXBuildFile; fileRef = A22E432C1AFA3FBF00A89F29 /* TableViewController.m */; };
		A22E43301AFA414800A89F29 /* ContentItem.m in Sources */ = {isa = PBXBuildFile; fileRef = A22E432F1AFA414800A89F29 /* ContentItem.m */; };
/* End PBXBuildFile section */

/* Begin PBXFileReference section */
		A22E43021AFA39B000A89F29 /* UserDefaultSample.app */ = {isa = PBXFileReference; explicitFileType = wrapper.application; includeInIndex = 0; path = UserDefaultSample.app; sourceTree = BUILT_PRODUCTS_DIR; };
		A22E43061AFA39B000A89F29 /* Info.plist */ = {isa = PBXFileReference; lastKnownFileType = text.plist.xml; path = Info.plist; sourceTree = "<group>"; };
		A22E43071AFA39B000A89F29 /* main.m */ = {isa = PBXFileReference; lastKnownFileType = sourcecode.c.objc; path = main.m; sourceTree = "<group>"; };
		A22E43091AFA39B000A89F29 /* AppDelegate.h */ = {isa = PBXFileReference; lastKnownFileType = sourcecode.c.h; path = AppDelegate.h; sourceTree = "<group>"; };
		A22E430A1AFA39B000A89F29 /* AppDelegate.m */ = {isa = PBXFileReference; lastKnownFileType = sourcecode.c.objc; path = AppDelegate.m; sourceTree = "<group>"; };
		A22E43101AFA39B000A89F29 /* Base */ = {isa = PBXFileReference; lastKnownFileType = file.storyboard; name = Base; path = Base.lproj/Main.storyboard; sourceTree = "<group>"; };
		A22E43121AFA39B000A89F29 /* Images.xcassets */ = {isa = PBXFileReference; lastKnownFileType = folder.assetcatalog; path = Images.xcassets; sourceTree = "<group>"; };
		A22E43151AFA39B000A89F29 /* Base */ = {isa = PBXFileReference; lastKnownFileType = file.xib; name = Base; path = Base.lproj/LaunchScreen.xib; sourceTree = "<group>"; };
		A22E432B1AFA3FBF00A89F29 /* TableViewController.h */ = {isa = PBXFileReference; fileEncoding = 4; lastKnownFileType = sourcecode.c.h; path = TableViewController.h; sourceTree = "<group>"; };
		A22E432C1AFA3FBF00A89F29 /* TableViewController.m */ = {isa = PBXFileReference; fileEncoding = 4; lastKnownFileType = sourcecode.c.objc; path = TableViewController.m; sourceTree = "<group>"; };
		A22E432E1AFA414800A89F29 /* ContentItem.h */ = {isa = PBXFileReference; fileEncoding = 4; lastKnownFileType = sourcecode.c.h; path = ContentItem.h; sourceTree = "<group>"; };
		A22E432F1AFA414800A89F29 /* ContentItem.m */ = {isa = PBXFileReference; fileEncoding = 4; lastKnownFileType = sourcecode.c.objc; path = ContentItem.m; sourceTree = "<group>"; };
/* End PBXFileReference section */

/* Begin PBXFrameworksBuildPhase section */
		A22E42FF1AFA39B000A89F29 /* Frameworks */ = {
			isa = PBXFrameworksBuildPhase;
			buildActionMask = 2147483647;
			files = (
			);
			runOnlyForDeploymentPostprocessing = 0;
		};
/* End PBXFrameworksBuildPhase section */

/* Begin PBXGroup section */
		A22E42F91AFA39B000A89F29 = {
			isa = PBXGroup;
			children = (
				A22E43041AFA39B000A89F29 /* UserDefaultSample */,
				A22E43031AFA39B000A89F29 /* Products */,
			);
			sourceTree = "<group>";
		};
		A22E43031AFA39B000A89F29 /* Products */ = {
			isa = PBXGroup;
			children = (
				A22E43021AFA39B000A89F29 /* UserDefaultSample.app */,
			);
			name = Products;
			sourceTree = "<group>";
		};
		A22E43041AFA39B000A89F29 /* UserDefaultSample */ = {
			isa = PBXGroup;
			children = (
				A22E43091AFA39B000A89F29 /* AppDelegate.h */,
				A22E430A1AFA39B000A89F29 /* AppDelegate.m */,
				A22E432B1AFA3FBF00A89F29 /* TableViewController.h */,
				A22E432C1AFA3FBF00A89F29 /* TableViewController.m */,
				A22E430F1AFA39B000A89F29 /* Main.storyboard */,
				A22E43121AFA39B000A89F29 /* Images.xcassets */,
				A22E43141AFA39B000A89F29 /* LaunchScreen.xib */,
				A22E43051AFA39B000A89F29 /* Supporting Files */,
				A22E432E1AFA414800A89F29 /* ContentItem.h */,
				A22E432F1AFA414800A89F29 /* ContentItem.m */,
			);
			path = UserDefaultSample;
			sourceTree = "<group>";
		};
		A22E43051AFA39B000A89F29 /* Supporting Files */ = {
			isa = PBXGroup;
			children = (
				A22E43061AFA39B000A89F29 /* Info.plist */,
				A22E43071AFA39B000A89F29 /* main.m */,
			);
			name = "Supporting Files";
			sourceTree = "<group>";
		};
/* End PBXGroup section */

/* Begin PBXNativeTarget section */
		A22E43011AFA39B000A89F29 /* UserDefaultSample */ = {
			isa = PBXNativeTarget;
			buildConfigurationList = A22E43251AFA39B000A89F29 /* Build configuration list for PBXNativeTarget "UserDefaultSample" */;
			buildPhases = (
				A22E42FE1AFA39B000A89F29 /* Sources */,
				A22E42FF1AFA39B000A89F29 /* Frameworks */,
				A22E43001AFA39B000A89F29 /* Resources */,
			);
			buildRules = (
			);
			dependencies = (
			);
			name = UserDefaultSample;
			productName = UserDefaultSample;
			productReference = A22E43021AFA39B000A89F29 /* UserDefaultSample.app */;
			productType = "com.apple.product-type.application";
		};
/* End PBXNativeTarget section */

/* Begin PBXProject section */
		A22E42FA1AFA39B000A89F29 /* Project object */ = {
			isa = PBXProject;
			attributes = {
				LastUpgradeCheck = 0630;
				ORGANIZATIONNAME = Shuketa;
				TargetAttributes = {
					A22E43011AFA39B000A89F29 = {
						CreatedOnToolsVersion = 6.3.1;
					};
				};
			};
			buildConfigurationList = A22E42FD1AFA39B000A89F29 /* Build configuration list for PBXProject "UserDefaultSample" */;
			compatibilityVersion = "Xcode 3.2";
			developmentRegion = English;
			hasScannedForEncodings = 0;
			knownRegions = (
				en,
				Base,
			);
			mainGroup = A22E42F91AFA39B000A89F29;
			productRefGroup = A22E43031AFA39B000A89F29 /* Products */;
			projectDirPath = "";
			projectRoot = "";
			targets = (
				A22E43011AFA39B000A89F29 /* UserDefaultSample */,
			);
		};
/* End PBXProject section */

/* Begin PBXResourcesBuildPhase section */
		A22E43001AFA39B000A89F29 /* Resources */ = {
			isa = PBXResourcesBuildPhase;
			buildActionMask = 2147483647;
			files = (
				A22E43111AFA39B000A89F29 /* Main.storyboard in Resources */,
				A22E43161AFA39B000A89F29 /* LaunchScreen.xib in Resources */,
				A22E43131AFA39B000A89F29 /* Images.xcassets in Resources */,
			);
			runOnlyForDeploymentPostprocessing = 0;
		};
/* End PBXResourcesBuildPhase section */

/* Begin PBXSourcesBuildPhase section */
		A22E42FE1AFA39B000A89F29 /* Sources */ = {
			isa = PBXSourcesBuildPhase;
			buildActionMask = 2147483647;
			files = (
				A22E430B1AFA39B000A89F29 /* AppDelegate.m in Sources */,
				A22E43081AFA39B000A89F29 /* main.m in Sources */,
				A22E43301AFA414800A89F29 /* ContentItem.m in Sources */,
				A22E432D1AFA3FBF00A89F29 /* TableViewController.m in Sources */,
			);
			runOnlyForDeploymentPostprocessing = 0;
		};
/* End PBXSourcesBuildPhase section */

/* Begin PBXVariantGroup section */
		A22E430F1AFA39B000A89F29 /* Main.storyboard */ = {
			isa = PBXVariantGroup;
			children = (
				A22E43101AFA39B000A89F29 /* Base */,
			);
			name = Main.storyboard;
			sourceTree = "<group>";
		};
		A22E43141AFA39B000A89F29 /* LaunchScreen.xib */ = {
			isa = PBXVariantGroup;
			children = (
				A22E43151AFA39B000A89F29 /* Base */,
			);
			name = LaunchScreen.xib;
			sourceTree = "<group>";
		};
/* End PBXVariantGroup section */

/* Begin XCBuildConfiguration section */
		A22E43231AFA39B000A89F29 /* Debug */ = {
			isa = XCBuildConfiguration;
			buildSettings = {
				ALWAYS_SEARCH_USER_PATHS = NO;
				CLANG_CXX_LANGUAGE_STANDARD = "gnu++0x";
				CLANG_CXX_LIBRARY = "libc++";
				CLANG_ENABLE_MODULES = YES;
				CLANG_ENABLE_OBJC_ARC = YES;
				CLANG_WARN_BOOL_CONVERSION = YES;
				CLANG_WARN_CONSTANT_CONVERSION = YES;
				CLANG_WARN_DIRECT_OBJC_ISA_USAGE = YES_ERROR;
				CLANG_WARN_EMPTY_BODY = YES;
				CLANG_WARN_ENUM_CONVERSION = YES;
				CLANG_WARN_INT_CONVERSION = YES;
				CLANG_WARN_OBJC_ROOT_CLASS = YES_ERROR;
				CLANG_WARN_UNREACHABLE_CODE = YES;
				CLANG_WARN__DUPLICATE_METHOD_MATCH = YES;
				"CODE_SIGN_IDENTITY[sdk=iphoneos*]" = "iPhone Developer";
				COPY_PHASE_STRIP = NO;
				DEBUG_INFORMATION_FORMAT = "dwarf-with-dsym";
				ENABLE_STRICT_OBJC_MSGSEND = YES;
				GCC_C_LANGUAGE_STANDARD = gnu99;
				GCC_DYNAMIC_NO_PIC = NO;
				GCC_NO_COMMON_BLOCKS = YES;
				GCC_OPTIMIZATION_LEVEL = 0;
				GCC_PREPROCESSOR_DEFINITIONS = (
					"DEBUG=1",
					"$(inherited)",
				);
				GCC_SYMBOLS_PRIVATE_EXTERN = NO;
				GCC_WARN_64_TO_32_BIT_CONVERSION = YES;
				GCC_WARN_ABOUT_RETURN_TYPE = YES_ERROR;
				GCC_WARN_UNDECLARED_SELECTOR = YES;
				GCC_WARN_UNINITIALIZED_AUTOS = YES_AGGRESSIVE;
				GCC_WARN_UNUSED_FUNCTION = YES;
				GCC_WARN_UNUSED_VARIABLE = YES;
				IPHONEOS_DEPLOYMENT_TARGET = 8.3;
				MTL_ENABLE_DEBUG_INFO = YES;
				ONLY_ACTIVE_ARCH = YES;
				SDKROOT = iphoneos;
			};
			name = Debug;
		};
		A22E43241AFA39B000A89F29 /* Release */ = {
			isa = XCBuildConfiguration;
			buildSettings = {
				ALWAYS_SEARCH_USER_PATHS = NO;
				CLANG_CXX_LANGUAGE_STANDARD = "gnu++0x";
				CLANG_CXX_LIBRARY = "libc++";
				CLANG_ENABLE_MODULES = YES;
				CLANG_ENABLE_OBJC_ARC = YES;
				CLANG_WARN_BOOL_CONVERSION = YES;
				CLANG_WARN_CONSTANT_CONVERSION = YES;
				CLANG_WARN_DIRECT_OBJC_ISA_USAGE = YES_ERROR;
				CLANG_WARN_EMPTY_BODY = YES;
				CLANG_WARN_ENUM_CONVERSION = YES;
				CLANG_WARN_INT_CONVERSION = YES;
				CLANG_WARN_OBJC_ROOT_CLASS = YES_ERROR;
				CLANG_WARN_UNREACHABLE_CODE = YES;
				CLANG_WARN__DUPLICATE_METHOD_MATCH = YES;
				"CODE_SIGN_IDENTITY[sdk=iphoneos*]" = "iPhone Developer";
				COPY_PHASE_STRIP = NO;
				DEBUG_INFORMATION_FORMAT = "dwarf-with-dsym";
				ENABLE_NS_ASSERTIONS = NO;
				ENABLE_STRICT_OBJC_MSGSEND = YES;
				GCC_C_LANGUAGE_STANDARD = gnu99;
				GCC_NO_COMMON_BLOCKS = YES;
				GCC_WARN_64_TO_32_BIT_CONVERSION = YES;
				GCC_WARN_ABOUT_RETURN_TYPE = YES_ERROR;
				GCC_WARN_UNDECLARED_SELECTOR = YES;
				GCC_WARN_UNINITIALIZED_AUTOS = YES_AGGRESSIVE;
				GCC_WARN_UNUSED_FUNCTION = YES;
				GCC_WARN_UNUSED_VARIABLE = YES;
				IPHONEOS_DEPLOYMENT_TARGET = 8.3;
				MTL_ENABLE_DEBUG_INFO = NO;
				SDKROOT = iphoneos;
				VALIDATE_PRODUCT = YES;
			};
			name = Release;
		};
		A22E43261AFA39B000A89F29 /* Debug */ = {
			isa = XCBuildConfiguration;
			buildSettings = {
				ASSETCATALOG_COMPILER_APPICON_NAME = AppIcon;
				INFOPLIST_FILE = UserDefaultSample/Info.plist;
				LD_RUNPATH_SEARCH_PATHS = "$(inherited) @executable_path/Frameworks";
				PRODUCT_NAME = "$(TARGET_NAME)";
			};
			name = Debug;
		};
		A22E43271AFA39B000A89F29 /* Release */ = {
			isa = XCBuildConfiguration;
			buildSettings = {
				ASSETCATALOG_COMPILER_APPICON_NAME = AppIcon;
				INFOPLIST_FILE = UserDefaultSample/Info.plist;
				LD_RUNPATH_SEARCH_PATHS = "$(inherited) @executable_path/Frameworks";
				PRODUCT_NAME = "$(TARGET_NAME)";
			};
			name = Release;
		};
/* End XCBuildConfiguration section */

/* Begin XCConfigurationList section */
		A22E42FD1AFA39B000A89F29 /* Build configuration list for PBXProject "UserDefaultSample" */ = {
			isa = XCConfigurationList;
			buildConfigurations = (
				A22E43231AFA39B000A89F29 /* Debug */,
				A22E43241AFA39B000A89F29 /* Release */,
			);
			defaultConfigurationIsVisible = 0;
			defaultConfigurationName = Release;
		};
		A22E43251AFA39B000A89F29 /* Build configuration list for PBXNativeTarget "UserDefaultSample" */ = {
			isa = XCConfigurationList;
			buildConfigurations = (
				A22E43261AFA39B000A89F29 /* Debug */,
				A22E43271AFA39B000A89F29 /* Release */,
			);
			defaultConfigurationIsVisible = 0;
		};
/* End XCConfigurationList section */
	};
	rootObject = A22E42FA1AFA39B000A89F29 /* Project object */;
}
